
Microsoft Visual Studio Solution File, Format Version 12.00
# Visual Studio 2013
VisualStudioVersion = 12.0.21005.1
MinimumVisualStudioVersion = 10.0.40219.1
Project("{2150E333-8FDC-42A3-9474-1A3956D46DE8}") = "Engine", "Engine", "{0B89C84C-A9A0-430E-869C-4B1F524C5626}"
EndProject
Project("{2150E333-8FDC-42A3-9474-1A3956D46DE8}") = "Games", "Games", "{F5BAB0FB-38F3-4C0C-8E87-067B7742EE19}"
EndProject
Project("{8BC9CEB8-8B4A-11D0-8D11-00A0C91BC942}") = "NoiseAboveThePit", "Intermediate\ProjectFiles\NoiseAboveThePit.vcxproj", "{1D86033B-C658-48B0-ABB5-1BE72CEAD37F}"
EndProject
Project("{8BC9CEB8-8B4A-11D0-8D11-00A0C91BC942}") = "UE4", "Intermediate\ProjectFiles\UE4.vcxproj", "{8E877FB5-2023-4E91-8031-CF6AE2252D84}"
EndProject
Global
	GlobalSection(SolutionConfigurationPlatforms) = preSolution
		DebugGame Editor|Windows = DebugGame Editor|Windows
		DebugGame|Windows = DebugGame|Windows
		Development Editor|Windows = Development Editor|Windows
		Development|Windows = Development|Windows
		Shipping|Windows = Shipping|Windows
	EndGlobalSection
	GlobalSection(ProjectConfigurationPlatforms) = postSolution
		{1D86033B-C658-48B0-ABB5-1BE72CEAD37F}.DebugGame Editor|Windows.ActiveCfg = DebugGame_Editor|x64
		{1D86033B-C658-48B0-ABB5-1BE72CEAD37F}.DebugGame Editor|Windows.Build.0 = DebugGame_Editor|x64
		{1D86033B-C658-48B0-ABB5-1BE72CEAD37F}.DebugGame|Windows.ActiveCfg = DebugGame_Game|x64
		{1D86033B-C658-48B0-ABB5-1BE72CEAD37F}.DebugGame|Windows.Build.0 = DebugGame_Game|x64
		{1D86033B-C658-48B0-ABB5-1BE72CEAD37F}.Development Editor|Windows.ActiveCfg = Development_Editor|x64
		{1D86033B-C658-48B0-ABB5-1BE72CEAD37F}.Development Editor|Windows.Build.0 = Development_Editor|x64
		{1D86033B-C658-48B0-ABB5-1BE72CEAD37F}.Development|Windows.ActiveCfg = Development_Game|x64
		{1D86033B-C658-48B0-ABB5-1BE72CEAD37F}.Development|Windows.Build.0 = Development_Game|x64
		{1D86033B-C658-48B0-ABB5-1BE72CEAD37F}.Shipping|Windows.ActiveCfg = Shipping_Game|Win32
		{1D86033B-C658-48B0-ABB5-1BE72CEAD37F}.Shipping|Windows.Build.0 = Shipping_Game|Win32
		{8E877FB5-2023-4E91-8031-CF6AE2252D84}.DebugGame Editor|Windows.ActiveCfg = BuiltWithUnrealBuildTool|Win32
		{8E877FB5-2023-4E91-8031-CF6AE2252D84}.DebugGame|Windows.ActiveCfg = BuiltWithUnrealBuildTool|Win32
		{8E877FB5-2023-4E91-8031-CF6AE2252D84}.Development Editor|Windows.ActiveCfg = BuiltWithUnrealBuildTool|Win32
		{8E877FB5-2023-4E91-8031-CF6AE2252D84}.Development|Windows.ActiveCfg = BuiltWithUnrealBuildTool|Win32
		{8E877FB5-2023-4E91-8031-CF6AE2252D84}.Shipping|Windows.ActiveCfg = BuiltWithUnrealBuildTool|Win32
	EndGlobalSection
	GlobalSection(SolutionProperties) = preSolution
		HideSolutionNode = FALSE
	EndGlobalSection
	GlobalSection(NestedProjects) = preSolution
		{8E877FB5-2023-4E91-8031-CF6AE2252D84} = {0B89C84C-A9A0-430E-869C-4B1F524C5626}
		{1D86033B-C658-48B0-ABB5-1BE72CEAD37F} = {F5BAB0FB-38F3-4C0C-8E87-067B7742EE19}
	EndGlobalSection
EndGlobal
